// !$*UTF8*$!
{
	archiveVersion = 1;
	classes = {
	};
	objectVersion = 46;
	objects = {

/* Begin PBXBuildFile section */
		50437D7A16F36F8E0093A6D8 /* UIKit.framework in Frameworks */ = {isa = PBXBuildFile; fileRef = 50437D7916F36F8E0093A6D8 /* UIKit.framework */; };
		50437D7C16F36F8E0093A6D8 /* Foundation.framework in Frameworks */ = {isa = PBXBuildFile; fileRef = 50437D7B16F36F8E0093A6D8 /* Foundation.framework */; };
		50437D7E16F36F8E0093A6D8 /* CoreGraphics.framework in Frameworks */ = {isa = PBXBuildFile; fileRef = 50437D7D16F36F8E0093A6D8 /* CoreGraphics.framework */; };
		50437D8416F36F8E0093A6D8 /* InfoPlist.strings in Resources */ = {isa = PBXBuildFile; fileRef = 50437D8216F36F8E0093A6D8 /* InfoPlist.strings */; };
		50437D8616F36F8E0093A6D8 /* main.m in Sources */ = {isa = PBXBuildFile; fileRef = 50437D8516F36F8E0093A6D8 /* main.m */; };
		50437D8A16F36F8E0093A6D8 /* HDAppDelegate.m in Sources */ = {isa = PBXBuildFile; fileRef = 50437D8916F36F8E0093A6D8 /* HDAppDelegate.m */; };
		50437D8C16F36F8E0093A6D8 /* Default.png in Resources */ = {isa = PBXBuildFile; fileRef = 50437D8B16F36F8E0093A6D8 /* Default.png */; };
		50437D8E16F36F8E0093A6D8 /* Default@2x.png in Resources */ = {isa = PBXBuildFile; fileRef = 50437D8D16F36F8E0093A6D8 /* Default@2x.png */; };
		50437D9016F36F8E0093A6D8 /* Default-568h@2x.png in Resources */ = {isa = PBXBuildFile; fileRef = 50437D8F16F36F8E0093A6D8 /* Default-568h@2x.png */; };
		50437D9316F36F8E0093A6D8 /* MainStoryboard.storyboard in Resources */ = {isa = PBXBuildFile; fileRef = 50437D9116F36F8E0093A6D8 /* MainStoryboard.storyboard */; };
		50437D9616F36F8E0093A6D8 /* HDViewController.m in Sources */ = {isa = PBXBuildFile; fileRef = 50437D9516F36F8E0093A6D8 /* HDViewController.m */; };
/* End PBXBuildFile section */

/* Begin PBXFileReference section */
		50437D7516F36F8E0093A6D8 /* WebViewMultiWindowExample.app */ = {isa = PBXFileReference; explicitFileType = wrapper.application; includeInIndex = 0; path = WebViewMultiWindowExample.app; sourceTree = BUILT_PRODUCTS_DIR; };
		50437D7916F36F8E0093A6D8 /* UIKit.framework */ = {isa = PBXFileReference; lastKnownFileType = wrapper.framework; name = UIKit.framework; path = System/Library/Frameworks/UIKit.framework; sourceTree = SDKROOT; };
		50437D7B16F36F8E0093A6D8 /* Foundation.framework */ = {isa = PBXFileReference; lastKnownFileType = wrapper.framework; name = Foundation.framework; path = System/Library/Frameworks/Foundation.framework; sourceTree = SDKROOT; };
		50437D7D16F36F8E0093A6D8 /* CoreGraphics.framework */ = {isa = PBXFileReference; lastKnownFileType = wrapper.framework; name = CoreGraphics.framework; path = System/Library/Frameworks/CoreGraphics.framework; sourceTree = SDKROOT; };
		50437D8116F36F8E0093A6D8 /* WebViewMultiWindowExample-Info.plist */ = {isa = PBXFileReference; lastKnownFileType = text.plist.xml; path = "WebViewMultiWindowExample-Info.plist"; sourceTree = "<group>"; };
		50437D8316F36F8E0093A6D8 /* en */ = {isa = PBXFileReference; lastKnownFileType = text.plist.strings; name = en; path = en.lproj/InfoPlist.strings; sourceTree = "<group>"; };
		50437D8516F36F8E0093A6D8 /* main.m */ = {isa = PBXFileReference; lastKnownFileType = sourcecode.c.objc; path = main.m; sourceTree = "<group>"; };
		50437D8716F36F8E0093A6D8 /* WebViewMultiWindowExample-Prefix.pch */ = {isa = PBXFileReference; lastKnownFileType = sourcecode.c.h; path = "WebViewMultiWindowExample-Prefix.pch"; sourceTree = "<group>"; };
		50437D8816F36F8E0093A6D8 /* HDAppDelegate.h */ = {isa = PBXFileReference; lastKnownFileType = sourcecode.c.h; path = HDAppDelegate.h; sourceTree = "<group>"; };
		50437D8916F36F8E0093A6D8 /* HDAppDelegate.m */ = {isa = PBXFileReference; lastKnownFileType = sourcecode.c.objc; path = HDAppDelegate.m; sourceTree = "<group>"; };
		50437D8B16F36F8E0093A6D8 /* Default.png */ = {isa = PBXFileReference; lastKnownFileType = image.png; path = Default.png; sourceTree = "<group>"; };
		50437D8D16F36F8E0093A6D8 /* Default@2x.png */ = {isa = PBXFileReference; lastKnownFileType = image.png; path = "Default@2x.png"; sourceTree = "<group>"; };
		50437D8F16F36F8E0093A6D8 /* Default-568h@2x.png */ = {isa = PBXFileReference; lastKnownFileType = image.png; path = "Default-568h@2x.png"; sourceTree = "<group>"; };
		50437D9216F36F8E0093A6D8 /* en */ = {isa = PBXFileReference; lastKnownFileType = file.storyboard; name = en; path = en.lproj/MainStoryboard.storyboard; sourceTree = "<group>"; };
		50437D9416F36F8E0093A6D8 /* HDViewController.h */ = {isa = PBXFileReference; lastKnownFileType = sourcecode.c.h; path = HDViewController.h; sourceTree = "<group>"; };
		50437D9516F36F8E0093A6D8 /* HDViewController.m */ = {isa = PBXFileReference; lastKnownFileType = sourcecode.c.objc; path = HDViewController.m; sourceTree = "<group>"; };
/* End PBXFileReference section */

/* Begin PBXFrameworksBuildPhase section */
		50437D7216F36F8E0093A6D8 /* Frameworks */ = {
			isa = PBXFrameworksBuildPhase;
			buildActionMask = 2147483647;
			files = (
				50437D7A16F36F8E0093A6D8 /* UIKit.framework in Frameworks */,
				50437D7C16F36F8E0093A6D8 /* Foundation.framework in Frameworks */,
				50437D7E16F36F8E0093A6D8 /* CoreGraphics.framework in Frameworks */,
			);
			runOnlyForDeploymentPostprocessing = 0;
		};
/* End PBXFrameworksBuildPhase section */

/* Begin PBXGroup section */
		50437D6A16F36F8E0093A6D8 = {
			isa = PBXGroup;
			children = (
				50437D7F16F36F8E0093A6D8 /* WebViewMultiWindowExample */,
				50437D7816F36F8E0093A6D8 /* Frameworks */,
				50437D7616F36F8E0093A6D8 /* Products */,
			);
			sourceTree = "<group>";
		};
		50437D7616F36F8E0093A6D8 /* Products */ = {
			isa = PBXGroup;
			children = (
				50437D7516F36F8E0093A6D8 /* WebViewMultiWindowExample.app */,
			);
			name = Products;
			sourceTree = "<group>";
		};
		50437D7816F36F8E0093A6D8 /* Frameworks */ = {
			isa = PBXGroup;
			children = (
				50437D7916F36F8E0093A6D8 /* UIKit.framework */,
				50437D7B16F36F8E0093A6D8 /* Foundation.framework */,
				50437D7D16F36F8E0093A6D8 /* CoreGraphics.framework */,
			);
			name = Frameworks;
			sourceTree = "<group>";
		};
		50437D7F16F36F8E0093A6D8 /* WebViewMultiWindowExample */ = {
			isa = PBXGroup;
			children = (
				50437D8816F36F8E0093A6D8 /* HDAppDelegate.h */,
				50437D8916F36F8E0093A6D8 /* HDAppDelegate.m */,
				50437D9116F36F8E0093A6D8 /* MainStoryboard.storyboard */,
				50437D9416F36F8E0093A6D8 /* HDViewController.h */,
				50437D9516F36F8E0093A6D8 /* HDViewController.m */,
				50437D8016F36F8E0093A6D8 /* Supporting Files */,
			);
			path = WebViewMultiWindowExample;
			sourceTree = "<group>";
		};
		50437D8016F36F8E0093A6D8 /* Supporting Files */ = {
			isa = PBXGroup;
			children = (
				50437D8116F36F8E0093A6D8 /* WebViewMultiWindowExample-Info.plist */,
				50437D8216F36F8E0093A6D8 /* InfoPlist.strings */,
				50437D8516F36F8E0093A6D8 /* main.m */,
				50437D8716F36F8E0093A6D8 /* WebViewMultiWindowExample-Prefix.pch */,
				50437D8B16F36F8E0093A6D8 /* Default.png */,
				50437D8D16F36F8E0093A6D8 /* Default@2x.png */,
				50437D8F16F36F8E0093A6D8 /* Default-568h@2x.png */,
			);
			name = "Supporting Files";
			sourceTree = "<group>";
		};
/* End PBXGroup section */

/* Begin PBXNativeTarget section */
		50437D7416F36F8E0093A6D8 /* WebViewMultiWindowExample */ = {
			isa = PBXNativeTarget;
			buildConfigurationList = 50437D9916F36F8E0093A6D8 /* Build configuration list for PBXNativeTarget "WebViewMultiWindowExample" */;
			buildPhases = (
				50437D7116F36F8E0093A6D8 /* Sources */,
				50437D7216F36F8E0093A6D8 /* Frameworks */,
				50437D7316F36F8E0093A6D8 /* Resources */,
			);
			buildRules = (
			);
			dependencies = (
			);
			name = WebViewMultiWindowExample;
			productName = WebViewMultiWindowExample;
			productReference = 50437D7516F36F8E0093A6D8 /* WebViewMultiWindowExample.app */;
			productType = "com.apple.product-type.application";
		};
/* End PBXNativeTarget section */

/* Begin PBXProject section */
		50437D6C16F36F8E0093A6D8 /* Project object */ = {
			isa = PBXProject;
			attributes = {
				CLASSPREFIX = HD;
				LastUpgradeCheck = 0450;
				ORGANIZATIONNAME = "Hessler Design";
			};
			buildConfigurationList = 50437D6F16F36F8E0093A6D8 /* Build configuration list for PBXProject "WebViewMultiWindowExample" */;
			compatibilityVersion = "Xcode 3.2";
			developmentRegion = English;
			hasScannedForEncodings = 0;
			knownRegions = (
				en,
			);
			mainGroup = 50437D6A16F36F8E0093A6D8;
			productRefGroup = 50437D7616F36F8E0093A6D8 /* Products */;
			projectDirPath = "";
			projectRoot = "";
			targets = (
				50437D7416F36F8E0093A6D8 /* WebViewMultiWindowExample */,
			);
		};
/* End PBXProject section */

/* Begin PBXResourcesBuildPhase section */
		50437D7316F36F8E0093A6D8 /* Resources */ = {
			isa = PBXResourcesBuildPhase;
			buildActionMask = 2147483647;
			files = (
				50437D8416F36F8E0093A6D8 /* InfoPlist.strings in Resources */,
				50437D8C16F36F8E0093A6D8 /* Default.png in Resources */,
				50437D8E16F36F8E0093A6D8 /* Default@2x.png in Resources */,
				50437D9016F36F8E0093A6D8 /* Default-568h@2x.png in Resources */,
				50437D9316F36F8E0093A6D8 /* MainStoryboard.storyboard in Resources */,
			);
			runOnlyForDeploymentPostprocessing = 0;
		};
/* End PBXResourcesBuildPhase section */

/* Begin PBXSourcesBuildPhase section */
		50437D7116F36F8E0093A6D8 /* Sources */ = {
			isa = PBXSourcesBuildPhase;
			buildActionMask = 2147483647;
			files = (
				50437D8616F36F8E0093A6D8 /* main.m in Sources */,
				50437D8A16F36F8E0093A6D8 /* HDAppDelegate.m in Sources */,
				50437D9616F36F8E0093A6D8 /* HDViewController.m in Sources */,
			);
			runOnlyForDeploymentPostprocessing = 0;
		};
/* End PBXSourcesBuildPhase section */

/* Begin PBXVariantGroup section */
		50437D8216F36F8E0093A6D8 /* InfoPlist.strings */ = {
			isa = PBXVariantGroup;
			children = (
				50437D8316F36F8E0093A6D8 /* en */,
			);
			name = InfoPlist.strings;
			sourceTree = "<group>";
		};
		50437D9116F36F8E0093A6D8 /* MainStoryboard.storyboard */ = {
			isa = PBXVariantGroup;
			children = (
				50437D9216F36F8E0093A6D8 /* en */,
			);
			name = MainStoryboard.storyboard;
			sourceTree = "<group>";
		};
/* End PBXVariantGroup section */

/* Begin XCBuildConfiguration section */
		50437D9716F36F8E0093A6D8 /* Debug */ = {
			isa = XCBuildConfiguration;
			buildSettings = {
				ALWAYS_SEARCH_USER_PATHS = NO;
				CLANG_CXX_LANGUAGE_STANDARD = "gnu++0x";
				CLANG_CXX_LIBRARY = "libc++";
				CLANG_ENABLE_OBJC_ARC = YES;
				CLANG_WARN_EMPTY_BODY = YES;
				CLANG_WARN__DUPLICATE_METHOD_MATCH = YES;
				"CODE_SIGN_IDENTITY[sdk=iphoneos*]" = "iPhone Developer";
				COPY_PHASE_STRIP = NO;
				GCC_C_LANGUAGE_STANDARD = gnu99;
				GCC_DYNAMIC_NO_PIC = NO;
				GCC_OPTIMIZATION_LEVEL = 0;
				GCC_PREPROCESSOR_DEFINITIONS = (
					"DEBUG=1",
					"$(inherited)",
				);
				GCC_SYMBOLS_PRIVATE_EXTERN = NO;
				GCC_WARN_ABOUT_RETURN_TYPE = YES;
				GCC_WARN_UNINITIALIZED_AUTOS = YES;
				GCC_WARN_UNUSED_VARIABLE = YES;
				IPHONEOS_DEPLOYMENT_TARGET = 6.0;
				ONLY_ACTIVE_ARCH = YES;
				SDKROOT = iphoneos;
			};
			name = Debug;
		};
		50437D9816F36F8E0093A6D8 /* Release */ = {
			isa = XCBuildConfiguration;
			buildSettings = {
				ALWAYS_SEARCH_USER_PATHS = NO;
				CLANG_CXX_LANGUAGE_STANDARD = "gnu++0x";
				CLANG_CXX_LIBRARY = "libc++";
				CLANG_ENABLE_OBJC_ARC = YES;
				CLANG_WARN_EMPTY_BODY = YES;
				CLANG_WARN__DUPLICATE_METHOD_MATCH = YES;
				"CODE_SIGN_IDENTITY[sdk=iphoneos*]" = "iPhone Developer";
				COPY_PHASE_STRIP = YES;
				GCC_C_LANGUAGE_STANDARD = gnu99;
				GCC_WARN_ABOUT_RETURN_TYPE = YES;
				GCC_WARN_UNINITIALIZED_AUTOS = YES;
				GCC_WARN_UNUSED_VARIABLE = YES;
				IPHONEOS_DEPLOYMENT_TARGET = 6.0;
				OTHER_CFLAGS = "-DNS_BLOCK_ASSERTIONS=1";
				SDKROOT = iphoneos;
				VALIDATE_PRODUCT = YES;
			};
			name = Release;
		};
		50437D9A16F36F8E0093A6D8 /* Debug */ = {
			isa = XCBuildConfiguration;
			buildSettings = {
				GCC_PRECOMPILE_PREFIX_HEADER = YES;
				GCC_PREFIX_HEADER = "WebViewMultiWindowExample/WebViewMultiWindowExample-Prefix.pch";
				INFOPLIST_FILE = "WebViewMultiWindowExample/WebViewMultiWindowExample-Info.plist";
				PRODUCT_NAME = "$(TARGET_NAME)";
				WRAPPER_EXTENSION = app;
			};
			name = Debug;
		};
		50437D9B16F36F8E0093A6D8 /* Release */ = {
			isa = XCBuildConfiguration;
			buildSettings = {
				GCC_PRECOMPILE_PREFIX_HEADER = YES;
				GCC_PREFIX_HEADER = "WebViewMultiWindowExample/WebViewMultiWindowExample-Prefix.pch";
				INFOPLIST_FILE = "WebViewMultiWindowExample/WebViewMultiWindowExample-Info.plist";
				PRODUCT_NAME = "$(TARGET_NAME)";
				WRAPPER_EXTENSION = app;
			};
			name = Release;
		};
/* End XCBuildConfiguration section */

/* Begin XCConfigurationList section */
		50437D6F16F36F8E0093A6D8 /* Build configuration list for PBXProject "WebViewMultiWindowExample" */ = {
			isa = XCConfigurationList;
			buildConfigurations = (
				50437D9716F36F8E0093A6D8 /* Debug */,
				50437D9816F36F8E0093A6D8 /* Release */,
			);
			defaultConfigurationIsVisible = 0;
			defaultConfigurationName = Release;
		};
		50437D9916F36F8E0093A6D8 /* Build configuration list for PBXNativeTarget "WebViewMultiWindowExample" */ = {
			isa = XCConfigurationList;
			buildConfigurations = (
				50437D9A16F36F8E0093A6D8 /* Debug */,
				50437D9B16F36F8E0093A6D8 /* Release */,
			);
			defaultConfigurationIsVisible = 0;
		};
/* End XCConfigurationList section */
	};
	rootObject = 50437D6C16F36F8E0093A6D8 /* Project object */;
}
